// !$*UTF8*$!
{
	archiveVersion = 1;
	classes = {
	};
	objectVersion = 46;
	objects = {

/* Begin PBXBuildFile section */
		A341307D1F134E8500424752 /* AppDelegate.swift in Sources */ = {isa = PBXBuildFile; fileRef = A341307C1F134E8500424752 /* AppDelegate.swift */; };
		A341307F1F134E8500424752 /* ViewController.swift in Sources */ = {isa = PBXBuildFile; fileRef = A341307E1F134E8500424752 /* ViewController.swift */; };
		A34130821F134E8500424752 /* Main.storyboard in Resources */ = {isa = PBXBuildFile; fileRef = A34130801F134E8500424752 /* Main.storyboard */; };
		A34130841F134E8500424752 /* Assets.xcassets in Resources */ = {isa = PBXBuildFile; fileRef = A34130831F134E8500424752 /* Assets.xcassets */; };
		A34130871F134E8500424752 /* LaunchScreen.storyboard in Resources */ = {isa = PBXBuildFile; fileRef = A34130851F134E8500424752 /* LaunchScreen.storyboard */; };
		A34130921F134E8500424752 /* ____Tests.swift in Sources */ = {isa = PBXBuildFile; fileRef = A34130911F134E8500424752 /* ____Tests.swift */; };
		A341309D1F134E8500424752 /* ____UITests.swift in Sources */ = {isa = PBXBuildFile; fileRef = A341309C1F134E8500424752 /* ____UITests.swift */; };
		A34130AD1F13567500424752 /* good2_30x30_@3x.png in Resources */ = {isa = PBXBuildFile; fileRef = A34130AC1F13567500424752 /* good2_30x30_@3x.png */; };
		A34130B11F1358C200424752 /* OCViewController.m in Sources */ = {isa = PBXBuildFile; fileRef = A34130B01F1358C200424752 /* OCViewController.m */; };
/* End PBXBuildFile section */

/* Begin PBXContainerItemProxy section */
		A341308E1F134E8500424752 /* PBXContainerItemProxy */ = {
			isa = PBXContainerItemProxy;
			containerPortal = A34130711F134E8500424752 /* Project object */;
			proxyType = 1;
			remoteGlobalIDString = A34130781F134E8500424752;
			remoteInfo = "粒子动画";
		};
		A34130991F134E8500424752 /* PBXContainerItemProxy */ = {
			isa = PBXContainerItemProxy;
			containerPortal = A34130711F134E8500424752 /* Project object */;
			proxyType = 1;
			remoteGlobalIDString = A34130781F134E8500424752;
			remoteInfo = "粒子动画";
		};
/* End PBXContainerItemProxy section */

/* Begin PBXFileReference section */
		A34130791F134E8500424752 /* 粒子动画.app */ = {isa = PBXFileReference; explicitFileType = wrapper.application; includeInIndex = 0; path = "粒子动画.app"; sourceTree = BUILT_PRODUCTS_DIR; };
		A341307C1F134E8500424752 /* AppDelegate.swift */ = {isa = PBXFileReference; lastKnownFileType = sourcecode.swift; path = AppDelegate.swift; sourceTree = "<group>"; };
		A341307E1F134E8500424752 /* ViewController.swift */ = {isa = PBXFileReference; lastKnownFileType = sourcecode.swift; path = ViewController.swift; sourceTree = "<group>"; };
		A34130811F134E8500424752 /* Base */ = {isa = PBXFileReference; lastKnownFileType = file.storyboard; name = Base; path = Base.lproj/Main.storyboard; sourceTree = "<group>"; };
		A34130831F134E8500424752 /* Assets.xcassets */ = {isa = PBXFileReference; lastKnownFileType = folder.assetcatalog; path = Assets.xcassets; sourceTree = "<group>"; };
		A34130861F134E8500424752 /* Base */ = {isa = PBXFileReference; lastKnownFileType = file.storyboard; name = Base; path = Base.lproj/LaunchScreen.storyboard; sourceTree = "<group>"; };
		A34130881F134E8500424752 /* Info.plist */ = {isa = PBXFileReference; lastKnownFileType = text.plist.xml; path = Info.plist; sourceTree = "<group>"; };
		A341308D1F134E8500424752 /* 粒子动画Tests.xctest */ = {isa = PBXFileReference; explicitFileType = wrapper.cfbundle; includeInIndex = 0; path = "粒子动画Tests.xctest"; sourceTree = BUILT_PRODUCTS_DIR; };
		A34130911F134E8500424752 /* ____Tests.swift */ = {isa = PBXFileReference; lastKnownFileType = sourcecode.swift; path = "____Tests.swift"; sourceTree = "<group>"; };
		A34130931F134E8500424752 /* Info.plist */ = {isa = PBXFileReference; lastKnownFileType = text.plist.xml; path = Info.plist; sourceTree = "<group>"; };
		A34130981F134E8500424752 /* 粒子动画UITests.xctest */ = {isa = PBXFileReference; explicitFileType = wrapper.cfbundle; includeInIndex = 0; path = "粒子动画UITests.xctest"; sourceTree = BUILT_PRODUCTS_DIR; };
		A341309C1F134E8500424752 /* ____UITests.swift */ = {isa = PBXFileReference; lastKnownFileType = sourcecode.swift; path = "____UITests.swift"; sourceTree = "<group>"; };
		A341309E1F134E8500424752 /* Info.plist */ = {isa = PBXFileReference; lastKnownFileType = text.plist.xml; path = Info.plist; sourceTree = "<group>"; };
		A34130AC1F13567500424752 /* good2_30x30_@3x.png */ = {isa = PBXFileReference; lastKnownFileType = image.png; name = "good2_30x30_@3x.png"; path = "../../../../../Volumes/这个硬盘比较逗比/iOS拓展班视频/1.码哥直播/码哥直播/第三天 (全)/资料/Images/Room/level/good2_30x30.imageset/good2_30x30_@3x.png"; sourceTree = "<group>"; };
		A34130AE1F1358C100424752 /* 粒子动画-Bridging-Header.h */ = {isa = PBXFileReference; lastKnownFileType = sourcecode.c.h; path = "粒子动画-Bridging-Header.h"; sourceTree = "<group>"; };
		A34130AF1F1358C200424752 /* OCViewController.h */ = {isa = PBXFileReference; fileEncoding = 4; lastKnownFileType = sourcecode.c.h; path = OCViewController.h; sourceTree = "<group>"; };
		A34130B01F1358C200424752 /* OCViewController.m */ = {isa = PBXFileReference; fileEncoding = 4; lastKnownFileType = sourcecode.c.objc; path = OCViewController.m; sourceTree = "<group>"; };
/* End PBXFileReference section */

/* Begin PBXFrameworksBuildPhase section */
		A34130761F134E8500424752 /* Frameworks */ = {
			isa = PBXFrameworksBuildPhase;
			buildActionMask = 2147483647;
			files = (
			);
			runOnlyForDeploymentPostprocessing = 0;
		};
		A341308A1F134E8500424752 /* Frameworks */ = {
			isa = PBXFrameworksBuildPhase;
			buildActionMask = 2147483647;
			files = (
			);
			runOnlyForDeploymentPostprocessing = 0;
		};
		A34130951F134E8500424752 /* Frameworks */ = {
			isa = PBXFrameworksBuildPhase;
			buildActionMask = 2147483647;
			files = (
			);
			runOnlyForDeploymentPostprocessing = 0;
		};
/* End PBXFrameworksBuildPhase section */

/* Begin PBXGroup section */
		A34130701F134E8500424752 = {
			isa = PBXGroup;
			children = (
				A341307B1F134E8500424752 /* 粒子动画 */,
				A34130901F134E8500424752 /* 粒子动画Tests */,
				A341309B1F134E8500424752 /* 粒子动画UITests */,
				A341307A1F134E8500424752 /* Products */,
			);
			sourceTree = "<group>";
		};
		A341307A1F134E8500424752 /* Products */ = {
			isa = PBXGroup;
			children = (
				A34130791F134E8500424752 /* 粒子动画.app */,
				A341308D1F134E8500424752 /* 粒子动画Tests.xctest */,
				A34130981F134E8500424752 /* 粒子动画UITests.xctest */,
			);
			name = Products;
			sourceTree = "<group>";
		};
		A341307B1F134E8500424752 /* 粒子动画 */ = {
			isa = PBXGroup;
			children = (
				A341307C1F134E8500424752 /* AppDelegate.swift */,
				A341307E1F134E8500424752 /* ViewController.swift */,
				A34130AF1F1358C200424752 /* OCViewController.h */,
				A34130B01F1358C200424752 /* OCViewController.m */,
				A34130801F134E8500424752 /* Main.storyboard */,
				A34130831F134E8500424752 /* Assets.xcassets */,
				A34130AC1F13567500424752 /* good2_30x30_@3x.png */,
				A34130851F134E8500424752 /* LaunchScreen.storyboard */,
				A34130881F134E8500424752 /* Info.plist */,
				A34130AE1F1358C100424752 /* 粒子动画-Bridging-Header.h */,
			);
			path = "粒子动画";
			sourceTree = "<group>";
		};
		A34130901F134E8500424752 /* 粒子动画Tests */ = {
			isa = PBXGroup;
			children = (
				A34130911F134E8500424752 /* ____Tests.swift */,
				A34130931F134E8500424752 /* Info.plist */,
			);
			path = "粒子动画Tests";
			sourceTree = "<group>";
		};
		A341309B1F134E8500424752 /* 粒子动画UITests */ = {
			isa = PBXGroup;
			children = (
				A341309C1F134E8500424752 /* ____UITests.swift */,
				A341309E1F134E8500424752 /* Info.plist */,
			);
			path = "粒子动画UITests";
			sourceTree = "<group>";
		};
/* End PBXGroup section */

/* Begin PBXNativeTarget section */
		A34130781F134E8500424752 /* 粒子动画 */ = {
			isa = PBXNativeTarget;
			buildConfigurationList = A34130A11F134E8500424752 /* Build configuration list for PBXNativeTarget "粒子动画" */;
			buildPhases = (
				A34130751F134E8500424752 /* Sources */,
				A34130761F134E8500424752 /* Frameworks */,
				A34130771F134E8500424752 /* Resources */,
			);
			buildRules = (
			);
			dependencies = (
			);
			name = "粒子动画";
			productName = "粒子动画";
			productReference = A34130791F134E8500424752 /* 粒子动画.app */;
			productType = "com.apple.product-type.application";
		};
		A341308C1F134E8500424752 /* 粒子动画Tests */ = {
			isa = PBXNativeTarget;
			buildConfigurationList = A34130A41F134E8500424752 /* Build configuration list for PBXNativeTarget "粒子动画Tests" */;
			buildPhases = (
				A34130891F134E8500424752 /* Sources */,
				A341308A1F134E8500424752 /* Frameworks */,
				A341308B1F134E8500424752 /* Resources */,
			);
			buildRules = (
			);
			dependencies = (
				A341308F1F134E8500424752 /* PBXTargetDependency */,
			);
			name = "粒子动画Tests";
			productName = "粒子动画Tests";
			productReference = A341308D1F134E8500424752 /* 粒子动画Tests.xctest */;
			productType = "com.apple.product-type.bundle.unit-test";
		};
		A34130971F134E8500424752 /* 粒子动画UITests */ = {
			isa = PBXNativeTarget;
			buildConfigurationList = A34130A71F134E8500424752 /* Build configuration list for PBXNativeTarget "粒子动画UITests" */;
			buildPhases = (
				A34130941F134E8500424752 /* Sources */,
				A34130951F134E8500424752 /* Frameworks */,
				A34130961F134E8500424752 /* Resources */,
			);
			buildRules = (
			);
			dependencies = (
				A341309A1F134E8500424752 /* PBXTargetDependency */,
			);
			name = "粒子动画UITests";
			productName = "粒子动画UITests";
			productReference = A34130981F134E8500424752 /* 粒子动画UITests.xctest */;
			productType = "com.apple.product-type.bundle.ui-testing";
		};
/* End PBXNativeTarget section */

/* Begin PBXProject section */
		A34130711F134E8500424752 /* Project object */ = {
			isa = PBXProject;
			attributes = {
				LastSwiftUpdateCheck = 0820;
				LastUpgradeCheck = 0820;
				ORGANIZATIONNAME = Mrhuang;
				TargetAttributes = {
					A34130781F134E8500424752 = {
						CreatedOnToolsVersion = 8.2;
						LastSwiftMigration = 0820;
						ProvisioningStyle = Automatic;
					};
					A341308C1F134E8500424752 = {
						CreatedOnToolsVersion = 8.2;
						ProvisioningStyle = Automatic;
						TestTargetID = A34130781F134E8500424752;
					};
					A34130971F134E8500424752 = {
						CreatedOnToolsVersion = 8.2;
						ProvisioningStyle = Automatic;
						TestTargetID = A34130781F134E8500424752;
					};
				};
			};
			buildConfigurationList = A34130741F134E8500424752 /* Build configuration list for PBXProject "粒子动画" */;
			compatibilityVersion = "Xcode 3.2";
			developmentRegion = English;
			hasScannedForEncodings = 0;
			knownRegions = (
				en,
				Base,
			);
			mainGroup = A34130701F134E8500424752;
			productRefGroup = A341307A1F134E8500424752 /* Products */;
			projectDirPath = "";
			projectRoot = "";
			targets = (
				A34130781F134E8500424752 /* 粒子动画 */,
				A341308C1F134E8500424752 /* 粒子动画Tests */,
				A34130971F134E8500424752 /* 粒子动画UITests */,
			);
		};
/* End PBXProject section */

/* Begin PBXResourcesBuildPhase section */
		A34130771F134E8500424752 /* Resources */ = {
			isa = PBXResourcesBuildPhase;
			buildActionMask = 2147483647;
			files = (
				A34130AD1F13567500424752 /* good2_30x30_@3x.png in Resources */,
				A34130871F134E8500424752 /* LaunchScreen.storyboard in Resources */,
				A34130841F134E8500424752 /* Assets.xcassets in Resources */,
				A34130821F134E8500424752 /* Main.storyboard in Resources */,
			);
			runOnlyForDeploymentPostprocessing = 0;
		};
		A341308B1F134E8500424752 /* Resources */ = {
			isa = PBXResourcesBuildPhase;
			buildActionMask = 2147483647;
			files = (
			);
			runOnlyForDeploymentPostprocessing = 0;
		};
		A34130961F134E8500424752 /* Resources */ = {
			isa = PBXResourcesBuildPhase;
			buildActionMask = 2147483647;
			files = (
			);
			runOnlyForDeploymentPostprocessing = 0;
		};
/* End PBXResourcesBuildPhase section */

/* Begin PBXSourcesBuildPhase section */
		A34130751F134E8500424752 /* Sources */ = {
			isa = PBXSourcesBuildPhase;
			buildActionMask = 2147483647;
			files = (
				A341307F1F134E8500424752 /* ViewController.swift in Sources */,
				A341307D1F134E8500424752 /* AppDelegate.swift in Sources */,
				A34130B11F1358C200424752 /* OCViewController.m in Sources */,
			);
			runOnlyForDeploymentPostprocessing = 0;
		};
		A34130891F134E8500424752 /* Sources */ = {
			isa = PBXSourcesBuildPhase;
			buildActionMask = 2147483647;
			files = (
				A34130921F134E8500424752 /* ____Tests.swift in Sources */,
			);
			runOnlyForDeploymentPostprocessing = 0;
		};
		A34130941F134E8500424752 /* Sources */ = {
			isa = PBXSourcesBuildPhase;
			buildActionMask = 2147483647;
			files = (
				A341309D1F134E8500424752 /* ____UITests.swift in Sources */,
			);
			runOnlyForDeploymentPostprocessing = 0;
		};
/* End PBXSourcesBuildPhase section */

/* Begin PBXTargetDependency section */
		A341308F1F134E8500424752 /* PBXTargetDependency */ = {
			isa = PBXTargetDependency;
			target = A34130781F134E8500424752 /* 粒子动画 */;
			targetProxy = A341308E1F134E8500424752 /* PBXContainerItemProxy */;
		};
		A341309A1F134E8500424752 /* PBXTargetDependency */ = {
			isa = PBXTargetDependency;
			target = A34130781F134E8500424752 /* 粒子动画 */;
			targetProxy = A34130991F134E8500424752 /* PBXContainerItemProxy */;
		};
/* End PBXTargetDependency section */

/* Begin PBXVariantGroup section */
		A34130801F134E8500424752 /* Main.storyboard */ = {
			isa = PBXVariantGroup;
			children = (
				A34130811F134E8500424752 /* Base */,
			);
			name = Main.storyboard;
			sourceTree = "<group>";
		};
		A34130851F134E8500424752 /* LaunchScreen.storyboard */ = {
			isa = PBXVariantGroup;
			children = (
				A34130861F134E8500424752 /* Base */,
			);
			name = LaunchScreen.storyboard;
			sourceTree = "<group>";
		};
/* End PBXVariantGroup section */

/* Begin XCBuildConfiguration section */
		A341309F1F134E8500424752 /* Debug */ = {
			isa = XCBuildConfiguration;
			buildSettings = {
				ALWAYS_SEARCH_USER_PATHS = NO;
				CLANG_ANALYZER_NONNULL = YES;
				CLANG_CXX_LANGUAGE_STANDARD = "gnu++0x";
				CLANG_CXX_LIBRARY = "libc++";
				CLANG_ENABLE_MODULES = YES;
				CLANG_ENABLE_OBJC_ARC = YES;
				CLANG_WARN_BOOL_CONVERSION = YES;
				CLANG_WARN_CONSTANT_CONVERSION = YES;
				CLANG_WARN_DIRECT_OBJC_ISA_USAGE = YES_ERROR;
				CLANG_WARN_DOCUMENTATION_COMMENTS = YES;
				CLANG_WARN_EMPTY_BODY = YES;
				CLANG_WARN_ENUM_CONVERSION = YES;
				CLANG_WARN_INFINITE_RECURSION = YES;
				CLANG_WARN_INT_CONVERSION = YES;
				CLANG_WARN_OBJC_ROOT_CLASS = YES_ERROR;
				CLANG_WARN_SUSPICIOUS_MOVE = YES;
				CLANG_WARN_UNREACHABLE_CODE = YES;
				CLANG_WARN__DUPLICATE_METHOD_MATCH = YES;
				"CODE_SIGN_IDENTITY[sdk=iphoneos*]" = "iPhone Developer";
				COPY_PHASE_STRIP = NO;
				DEBUG_INFORMATION_FORMAT = dwarf;
				ENABLE_STRICT_OBJC_MSGSEND = YES;
				ENABLE_TESTABILITY = YES;
				GCC_C_LANGUAGE_STANDARD = gnu99;
				GCC_DYNAMIC_NO_PIC = NO;
				GCC_NO_COMMON_BLOCKS = YES;
				GCC_OPTIMIZATION_LEVEL = 0;
				GCC_PREPROCESSOR_DEFINITIONS = (
					"DEBUG=1",
					"$(inherited)",
				);
				GCC_WARN_64_TO_32_BIT_CONVERSION = YES;
				GCC_WARN_ABOUT_RETURN_TYPE = YES_ERROR;
				GCC_WARN_UNDECLARED_SELECTOR = YES;
				GCC_WARN_UNINITIALIZED_AUTOS = YES_AGGRESSIVE;
				GCC_WARN_UNUSED_FUNCTION = YES;
				GCC_WARN_UNUSED_VARIABLE = YES;
				IPHONEOS_DEPLOYMENT_TARGET = 10.2;
				MTL_ENABLE_DEBUG_INFO = YES;
				ONLY_ACTIVE_ARCH = YES;
				SDKROOT = iphoneos;
				SWIFT_ACTIVE_COMPILATION_CONDITIONS = DEBUG;
				SWIFT_OPTIMIZATION_LEVEL = "-Onone";
				TARGETED_DEVICE_FAMILY = "1,2";
			};
			name = Debug;
		};
		A34130A01F134E8500424752 /* Release */ = {
			isa = XCBuildConfiguration;
			buildSettings = {
				ALWAYS_SEARCH_USER_PATHS = NO;
				CLANG_ANALYZER_NONNULL = YES;
				CLANG_CXX_LANGUAGE_STANDARD = "gnu++0x";
				CLANG_CXX_LIBRARY = "libc++";
				CLANG_ENABLE_MODULES = YES;
				CLANG_ENABLE_OBJC_ARC = YES;
				CLANG_WARN_BOOL_CONVERSION = YES;
				CLANG_WARN_CONSTANT_CONVERSION = YES;
				CLANG_WARN_DIRECT_OBJC_ISA_USAGE = YES_ERROR;
				CLANG_WARN_DOCUMENTATION_COMMENTS = YES;
				CLANG_WARN_EMPTY_BODY = YES;
				CLANG_WARN_ENUM_CONVERSION = YES;
				CLANG_WARN_INFINITE_RECURSION = YES;
				CLANG_WARN_INT_CONVERSION = YES;
				CLANG_WARN_OBJC_ROOT_CLASS = YES_ERROR;
				CLANG_WARN_SUSPICIOUS_MOVE = YES;
				CLANG_WARN_UNREACHABLE_CODE = YES;
				CLANG_WARN__DUPLICATE_METHOD_MATCH = YES;
				"CODE_SIGN_IDENTITY[sdk=iphoneos*]" = "iPhone Developer";
				COPY_PHASE_STRIP = NO;
				DEBUG_INFORMATION_FORMAT = "dwarf-with-dsym";
				ENABLE_NS_ASSERTIONS = NO;
				ENABLE_STRICT_OBJC_MSGSEND = YES;
				GCC_C_LANGUAGE_STANDARD = gnu99;
				GCC_NO_COMMON_BLOCKS = YES;
				GCC_WARN_64_TO_32_BIT_CONVERSION = YES;
				GCC_WARN_ABOUT_RETURN_TYPE = YES_ERROR;
				GCC_WARN_UNDECLARED_SELECTOR = YES;
				GCC_WARN_UNINITIALIZED_AUTOS = YES_AGGRESSIVE;
				GCC_WARN_UNUSED_FUNCTION = YES;
				GCC_WARN_UNUSED_VARIABLE = YES;
				IPHONEOS_DEPLOYMENT_TARGET = 10.2;
				MTL_ENABLE_DEBUG_INFO = NO;
				SDKROOT = iphoneos;
				SWIFT_OPTIMIZATION_LEVEL = "-Owholemodule";
				TARGETED_DEVICE_FAMILY = "1,2";
				VALIDATE_PRODUCT = YES;
			};
			name = Release;
		};
		A34130A21F134E8500424752 /* Debug */ = {
			isa = XCBuildConfiguration;
			buildSettings = {
				ASSETCATALOG_COMPILER_APPICON_NAME = AppIcon;
				CLANG_ENABLE_MODULES = YES;
				INFOPLIST_FILE = "粒子动画/Info.plist";
				LD_RUNPATH_SEARCH_PATHS = "$(inherited) @executable_path/Frameworks";
				PRODUCT_BUNDLE_IDENTIFIER = "MrHuang.----";
				PRODUCT_NAME = "$(TARGET_NAME)";
				SWIFT_OBJC_BRIDGING_HEADER = "粒子动画/粒子动画-Bridging-Header.h";
				SWIFT_OPTIMIZATION_LEVEL = "-Onone";
				SWIFT_VERSION = 3.0;
			};
			name = Debug;
		};
		A34130A31F134E8500424752 /* Release */ = {
			isa = XCBuildConfiguration;
			buildSettings = {
				ASSETCATALOG_COMPILER_APPICON_NAME = AppIcon;
				CLANG_ENABLE_MODULES = YES;
				INFOPLIST_FILE = "粒子动画/Info.plist";
				LD_RUNPATH_SEARCH_PATHS = "$(inherited) @executable_path/Frameworks";
				PRODUCT_BUNDLE_IDENTIFIER = "MrHuang.----";
				PRODUCT_NAME = "$(TARGET_NAME)";
				SWIFT_OBJC_BRIDGING_HEADER = "粒子动画/粒子动画-Bridging-Header.h";
				SWIFT_VERSION = 3.0;
			};
			name = Release;
		};
		A34130A51F134E8500424752 /* Debug */ = {
			isa = XCBuildConfiguration;
			buildSettings = {
				ALWAYS_EMBED_SWIFT_STANDARD_LIBRARIES = YES;
				BUNDLE_LOADER = "$(TEST_HOST)";
				INFOPLIST_FILE = "粒子动画Tests/Info.plist";
				LD_RUNPATH_SEARCH_PATHS = "$(inherited) @executable_path/Frameworks @loader_path/Frameworks";
				PRODUCT_BUNDLE_IDENTIFIER = "MrHuang.----Tests";
				PRODUCT_NAME = "$(TARGET_NAME)";
				SWIFT_VERSION = 3.0;
				TEST_HOST = "$(BUILT_PRODUCTS_DIR)/粒子动画.app/粒子动画";
			};
			name = Debug;
		};
		A34130A61F134E8500424752 /* Release */ = {
			isa = XCBuildConfiguration;
			buildSettings = {
				ALWAYS_EMBED_SWIFT_STANDARD_LIBRARIES = YES;
				BUNDLE_LOADER = "$(TEST_HOST)";
				INFOPLIST_FILE = "粒子动画Tests/Info.plist";
				LD_RUNPATH_SEARCH_PATHS = "$(inherited) @executable_path/Frameworks @loader_path/Frameworks";
				PRODUCT_BUNDLE_IDENTIFIER = "MrHuang.----Tests";
				PRODUCT_NAME = "$(TARGET_NAME)";
				SWIFT_VERSION = 3.0;
				TEST_HOST = "$(BUILT_PRODUCTS_DIR)/粒子动画.app/粒子动画";
			};
			name = Release;
		};
		A34130A81F134E8500424752 /* Debug */ = {
			isa = XCBuildConfiguration;
			buildSettings = {
				ALWAYS_EMBED_SWIFT_STANDARD_LIBRARIES = YES;
				INFOPLIST_FILE = "粒子动画UITests/Info.plist";
				LD_RUNPATH_SEARCH_PATHS = "$(inherited) @executable_path/Frameworks @loader_path/Frameworks";
				PRODUCT_BUNDLE_IDENTIFIER = "MrHuang.----UITests";
				PRODUCT_NAME = "$(TARGET_NAME)";
				SWIFT_VERSION = 3.0;
				TEST_TARGET_NAME = "粒子动画";
			};
			name = Debug;
		};
		A34130A91F134E8500424752 /* Release */ = {
			isa = XCBuildConfiguration;
			buildSettings = {
				ALWAYS_EMBED_SWIFT_STANDARD_LIBRARIES = YES;
				INFOPLIST_FILE = "粒子动画UITests/Info.plist";
				LD_RUNPATH_SEARCH_PATHS = "$(inherited) @executable_path/Frameworks @loader_path/Frameworks";
				PRODUCT_BUNDLE_IDENTIFIER = "MrHuang.----UITests";
				PRODUCT_NAME = "$(TARGET_NAME)";
				SWIFT_VERSION = 3.0;
				TEST_TARGET_NAME = "粒子动画";
			};
			name = Release;
		};
/* End XCBuildConfiguration section */

/* Begin XCConfigurationList section */
		A34130741F134E8500424752 /* Build configuration list for PBXProject "粒子动画" */ = {
			isa = XCConfigurationList;
			buildConfigurations = (
				A341309F1F134E8500424752 /* Debug */,
				A34130A01F134E8500424752 /* Release */,
			);
			defaultConfigurationIsVisible = 0;
			defaultConfigurationName = Release;
		};
		A34130A11F134E8500424752 /* Build configuration list for PBXNativeTarget "粒子动画" */ = {
			isa = XCConfigurationList;
			buildConfigurations = (
				A34130A21F134E8500424752 /* Debug */,
				A34130A31F134E8500424752 /* Release */,
			);
			defaultConfigurationIsVisible = 0;
		};
		A34130A41F134E8500424752 /* Build configuration list for PBXNativeTarget "粒子动画Tests" */ = {
			isa = XCConfigurationList;
			buildConfigurations = (
				A34130A51F134E8500424752 /* Debug */,
				A34130A61F134E8500424752 /* Release */,
			);
			defaultConfigurationIsVisible = 0;
		};
		A34130A71F134E8500424752 /* Build configuration list for PBXNativeTarget "粒子动画UITests" */ = {
			isa = XCConfigurationList;
			buildConfigurations = (
				A34130A81F134E8500424752 /* Debug */,
				A34130A91F134E8500424752 /* Release */,
			);
			defaultConfigurationIsVisible = 0;
		};
/* End XCConfigurationList section */
	};
	rootObject = A34130711F134E8500424752 /* Project object */;
}
